{
    "_meta": {
        "hash": {
            "sha256": "96bc17f35233a190e26297a3d8e608aca037a2df3261da2273284ab27d8eebbd"
        },
        "pipfile-spec": 6,
        "requires": {
            "python_version": "3.9"
        },
        "sources": [
            {
                "name": "pypi",
                "url": "https://pypi.tuna.tsinghua.edu.cn/simple",
                "verify_ssl": true
            }
        ]
    },
    "default": {
        "csv23": {
            "hashes": [
                "sha256:79405c099f1e8377ab893ffbfcae4c9cb408af1808e63fbf22be24983d38f266",
                "sha256:a33cc86b7c871fde3708c272ae1f6d496b0441d5dd0327ada1424e12af8a8bbe"
            ],
            "index": "pypi",
            "version": "==0.3.2"
        },
        "jieba": {
            "hashes": [
                "sha256:055ca12f62674fafed09427f176506079bc135638a14e23e25be909131928db2"
            ],
            "index": "pypi",
            "version": "==0.42.1"
        }
    },
    "develop": {}
}
