{
    "_meta": {
        "hash": {
            "sha256": "29a6fc491824baf219c91fde3f4aa03909fd387f30e160f280a843d2604994df"
        },
        "pipfile-spec": 6,
        "requires": {
            "python_version": "3.8"
        },
        "sources": [
            {
                "name": "pypi",
                "url": "https://pypi.org/simple",
                "verify_ssl": true
            }
        ]
    },
    "default": {
        "et-xmlfile": {
            "hashes": [
                "sha256:614d9722d572f6246302c4491846d2c393c199cfa4edc9af593437691683335b"
            ],
            "version": "==1.0.1"
        },
        "jdcal": {
            "hashes": [
                "sha256:1abf1305fce18b4e8aa248cf8fe0c56ce2032392bc64bbd61b5dff2a19ec8bba",
                "sha256:472872e096eb8df219c23f2689fc336668bdb43d194094b5cc1707e1640acfc8"
            ],
            "version": "==1.4.1"
        },
        "jieba": {
            "hashes": [
                "sha256:055ca12f62674fafed09427f176506079bc135638a14e23e25be909131928db2"
            ],
            "index": "pypi",
            "version": "==0.42.1"
        },
        "openpyxl": {
            "hashes": [
                "sha256:18e11f9a650128a12580a58e3daba14e00a11d9e907c554a17ea016bf1a2c71b",
                "sha256:f7d666b569f729257082cf7ddc56262431878f602dcc2bc3980775c59439cdab"
            ],
            "index": "pypi",
            "version": "==3.0.5"
        }
    },
    "develop": {}
}
